
Microsoft Visual Studio Solution File, Format Version 12.00
# Visual Studio Version 17
VisualStudioVersion = 17.2.32630.192
MinimumVisualStudioVersion = 10.0.40219.1
Project("{9A19103F-16F7-4668-BE54-9A1E7A4F7556}") = "IO", "IO\IO.csproj", "{0C3D0591-FC7A-4F95-BFFD-D20D41E66AEA}"
EndProject
Project("{9A19103F-16F7-4668-BE54-9A1E7A4F7556}") = "IO.Test", "IO.Test\IO.Test.csproj", "{0E844E71-C587-40B8-8544-02391E02B756}"
EndProject
Project("{9A19103F-16F7-4668-BE54-9A1E7A4F7556}") = "Configuration", "Configuration\Configuration.csproj", "{75102897-0DA5-4126-8900-755951BA8512}"
EndProject
Project("{9A19103F-16F7-4668-BE54-9A1E7A4F7556}") = "Configuration.Tests", "ConfigurationTests\Configuration.Tests.csproj", "{6CC075DC-DA28-4FE6-8705-56F86479BEA3}"
EndProject
Project("{FAE04EC0-301F-11D3-BF4B-00C04F79EFBC}") = "Log", "Log\Log.csproj", "{35545AD1-F70A-4C76-9D39-DD48C4BE42C7}"
EndProject
Project("{FAE04EC0-301F-11D3-BF4B-00C04F79EFBC}") = "Log.Tests", "LogTests\Log.Tests.csproj", "{8851B595-A41D-4FD2-BA25-D5CE3E313932}"
EndProject
Global
	GlobalSection(SolutionConfigurationPlatforms) = preSolution
		Debug|Any CPU = Debug|Any CPU
		Release|Any CPU = Release|Any CPU
	EndGlobalSection
	GlobalSection(ProjectConfigurationPlatforms) = postSolution
		{0C3D0591-FC7A-4F95-BFFD-D20D41E66AEA}.Debug|Any CPU.ActiveCfg = Debug|Any CPU
		{0C3D0591-FC7A-4F95-BFFD-D20D41E66AEA}.Debug|Any CPU.Build.0 = Debug|Any CPU
		{0C3D0591-FC7A-4F95-BFFD-D20D41E66AEA}.Release|Any CPU.ActiveCfg = Release|Any CPU
		{0C3D0591-FC7A-4F95-BFFD-D20D41E66AEA}.Release|Any CPU.Build.0 = Release|Any CPU
		{0E844E71-C587-40B8-8544-02391E02B756}.Debug|Any CPU.ActiveCfg = Debug|Any CPU
		{0E844E71-C587-40B8-8544-02391E02B756}.Debug|Any CPU.Build.0 = Debug|Any CPU
		{0E844E71-C587-40B8-8544-02391E02B756}.Release|Any CPU.ActiveCfg = Release|Any CPU
		{0E844E71-C587-40B8-8544-02391E02B756}.Release|Any CPU.Build.0 = Release|Any CPU
		{75102897-0DA5-4126-8900-755951BA8512}.Debug|Any CPU.ActiveCfg = Debug|Any CPU
		{75102897-0DA5-4126-8900-755951BA8512}.Debug|Any CPU.Build.0 = Debug|Any CPU
		{75102897-0DA5-4126-8900-755951BA8512}.Release|Any CPU.ActiveCfg = Release|Any CPU
		{75102897-0DA5-4126-8900-755951BA8512}.Release|Any CPU.Build.0 = Release|Any CPU
		{6CC075DC-DA28-4FE6-8705-56F86479BEA3}.Debug|Any CPU.ActiveCfg = Debug|Any CPU
		{6CC075DC-DA28-4FE6-8705-56F86479BEA3}.Debug|Any CPU.Build.0 = Debug|Any CPU
		{6CC075DC-DA28-4FE6-8705-56F86479BEA3}.Release|Any CPU.ActiveCfg = Release|Any CPU
		{6CC075DC-DA28-4FE6-8705-56F86479BEA3}.Release|Any CPU.Build.0 = Release|Any CPU
		{35545AD1-F70A-4C76-9D39-DD48C4BE42C7}.Debug|Any CPU.ActiveCfg = Debug|Any CPU
		{35545AD1-F70A-4C76-9D39-DD48C4BE42C7}.Debug|Any CPU.Build.0 = Debug|Any CPU
		{35545AD1-F70A-4C76-9D39-DD48C4BE42C7}.Release|Any CPU.ActiveCfg = Release|Any CPU
		{35545AD1-F70A-4C76-9D39-DD48C4BE42C7}.Release|Any CPU.Build.0 = Release|Any CPU
		{8851B595-A41D-4FD2-BA25-D5CE3E313932}.Debug|Any CPU.ActiveCfg = Debug|Any CPU
		{8851B595-A41D-4FD2-BA25-D5CE3E313932}.Debug|Any CPU.Build.0 = Debug|Any CPU
		{8851B595-A41D-4FD2-BA25-D5CE3E313932}.Release|Any CPU.ActiveCfg = Release|Any CPU
		{8851B595-A41D-4FD2-BA25-D5CE3E313932}.Release|Any CPU.Build.0 = Release|Any CPU
	EndGlobalSection
	GlobalSection(SolutionProperties) = preSolution
		HideSolutionNode = FALSE
	EndGlobalSection
	GlobalSection(ExtensibilityGlobals) = postSolution
		SolutionGuid = {2D393210-5DFA-443E-8162-F4D94810FD9A}
	EndGlobalSection
EndGlobal
