
Microsoft Visual Studio Solution File, Format Version 12.00
# Visual Studio Version 17
VisualStudioVersion = 17.2.32630.192
MinimumVisualStudioVersion = 10.0.40219.1
Project("{9A19103F-16F7-4668-BE54-9A1E7A4F7556}") = "IO", "IO\IO.csproj", "{0C3D0591-FC7A-4F95-BFFD-D20D41E66AEA}"
EndProject
Project("{9A19103F-16F7-4668-BE54-9A1E7A4F7556}") = "IO.Test", "IO.Test\IO.Test.csproj", "{0E844E71-C587-40B8-8544-02391E02B756}"
EndProject
Project("{FAE04EC0-301F-11D3-BF4B-00C04F79EFBC}") = "Configuration", "Configuration\Configuration.csproj", "{75102897-0DA5-4126-8900-755951BA8512}"
EndProject
Project("{FAE04EC0-301F-11D3-BF4B-00C04F79EFBC}") = "ConfigurationTests", "ConfigurationTests\ConfigurationTests.csproj", "{6CC075DC-DA28-4FE6-8705-56F86479BEA3}"
EndProject
Global
	GlobalSection(SolutionConfigurationPlatforms) = preSolution
		Debug|Any CPU = Debug|Any CPU
		Release|Any CPU = Release|Any CPU
	EndGlobalSection
	GlobalSection(ProjectConfigurationPlatforms) = postSolution
		{0C3D0591-FC7A-4F95-BFFD-D20D41E66AEA}.Debug|Any CPU.ActiveCfg = Debug|Any CPU
		{0C3D0591-FC7A-4F95-BFFD-D20D41E66AEA}.Debug|Any CPU.Build.0 = Debug|Any CPU
		{0C3D0591-FC7A-4F95-BFFD-D20D41E66AEA}.Release|Any CPU.ActiveCfg = Release|Any CPU
		{0C3D0591-FC7A-4F95-BFFD-D20D41E66AEA}.Release|Any CPU.Build.0 = Release|Any CPU
		{0E844E71-C587-40B8-8544-02391E02B756}.Debug|Any CPU.ActiveCfg = Debug|Any CPU
		{0E844E71-C587-40B8-8544-02391E02B756}.Debug|Any CPU.Build.0 = Debug|Any CPU
		{0E844E71-C587-40B8-8544-02391E02B756}.Release|Any CPU.ActiveCfg = Release|Any CPU
		{0E844E71-C587-40B8-8544-02391E02B756}.Release|Any CPU.Build.0 = Release|Any CPU
		{75102897-0DA5-4126-8900-755951BA8512}.Debug|Any CPU.ActiveCfg = Debug|Any CPU
		{75102897-0DA5-4126-8900-755951BA8512}.Debug|Any CPU.Build.0 = Debug|Any CPU
		{75102897-0DA5-4126-8900-755951BA8512}.Release|Any CPU.ActiveCfg = Release|Any CPU
		{75102897-0DA5-4126-8900-755951BA8512}.Release|Any CPU.Build.0 = Release|Any CPU
		{6CC075DC-DA28-4FE6-8705-56F86479BEA3}.Debug|Any CPU.ActiveCfg = Debug|Any CPU
		{6CC075DC-DA28-4FE6-8705-56F86479BEA3}.Debug|Any CPU.Build.0 = Debug|Any CPU
		{6CC075DC-DA28-4FE6-8705-56F86479BEA3}.Release|Any CPU.ActiveCfg = Release|Any CPU
		{6CC075DC-DA28-4FE6-8705-56F86479BEA3}.Release|Any CPU.Build.0 = Release|Any CPU
	EndGlobalSection
	GlobalSection(SolutionProperties) = preSolution
		HideSolutionNode = FALSE
	EndGlobalSection
	GlobalSection(ExtensibilityGlobals) = postSolution
		SolutionGuid = {2D393210-5DFA-443E-8162-F4D94810FD9A}
	EndGlobalSection
EndGlobal
